
Microsoft Visual Studio Solution File, Format Version 12.00
# Visual Studio Version 17
VisualStudioVersion = 17.10.35013.160
MinimumVisualStudioVersion = 10.0.40219.1
Project("{9A19103F-16F7-4668-BE54-9A1E7A4F7556}") = "GitMessageDocumentGenerator", "GitMessageDocumentGenerator\GitMessageDocumentGenerator.csproj", "{CDCFC211-2CC9-48FD-97FB-3F09B83F2BF4}"
EndProject
Project("{9A19103F-16F7-4668-BE54-9A1E7A4F7556}") = "GitCommitMessageProcessorUnitTest", "GitCommitMessageProcessorUnitTest\GitCommitMessageProcessorUnitTest.csproj", "{15DA8226-E64C-414C-B372-8C994430953E}"
EndProject
Global
	GlobalSection(SolutionConfigurationPlatforms) = preSolution
		Debug|Any CPU = Debug|Any CPU
		Release|Any CPU = Release|Any CPU
	EndGlobalSection
	GlobalSection(ProjectConfigurationPlatforms) = postSolution
		{CDCFC211-2CC9-48FD-97FB-3F09B83F2BF4}.Debug|Any CPU.ActiveCfg = Debug|Any CPU
		{CDCFC211-2CC9-48FD-97FB-3F09B83F2BF4}.Debug|Any CPU.Build.0 = Debug|Any CPU
		{CDCFC211-2CC9-48FD-97FB-3F09B83F2BF4}.Release|Any CPU.ActiveCfg = Release|Any CPU
		{CDCFC211-2CC9-48FD-97FB-3F09B83F2BF4}.Release|Any CPU.Build.0 = Release|Any CPU
		{15DA8226-E64C-414C-B372-8C994430953E}.Debug|Any CPU.ActiveCfg = Debug|Any CPU
		{15DA8226-E64C-414C-B372-8C994430953E}.Debug|Any CPU.Build.0 = Debug|Any CPU
		{15DA8226-E64C-414C-B372-8C994430953E}.Release|Any CPU.ActiveCfg = Release|Any CPU
		{15DA8226-E64C-414C-B372-8C994430953E}.Release|Any CPU.Build.0 = Release|Any CPU
	EndGlobalSection
	GlobalSection(SolutionProperties) = preSolution
		HideSolutionNode = FALSE
	EndGlobalSection
	GlobalSection(ExtensibilityGlobals) = postSolution
		SolutionGuid = {8B0DA5CF-6993-495B-A351-D8EADBE31B31}
	EndGlobalSection
EndGlobal
